
Microsoft Visual Studio Solution File, Format Version 12.00
# Visual Studio Version 17
VisualStudioVersion = 17.1.32210.238
MinimumVisualStudioVersion = 10.0.40219.1
Project("{8BC9CEB8-8B4A-11D0-8D11-00A0C91BC942}") = "Boids-simulation-windows", "Boids-simulation-windows.vcxproj", "{87E03B6D-A4C1-49B1-A84F-077471328288}"
EndProject
Global
	GlobalSection(SolutionConfigurationPlatforms) = preSolution
		Debug|x64 = Debug|x64
		Release|x64 = Release|x64
	EndGlobalSection
	GlobalSection(ProjectConfigurationPlatforms) = postSolution
		{87E03B6D-A4C1-49B1-A84F-077471328288}.Debug|x64.ActiveCfg = Debug|x64
		{87E03B6D-A4C1-49B1-A84F-077471328288}.Debug|x64.Build.0 = Debug|x64
		{87E03B6D-A4C1-49B1-A84F-077471328288}.Release|x64.ActiveCfg = Release|x64
		{87E03B6D-A4C1-49B1-A84F-077471328288}.Release|x64.Build.0 = Release|x64
	EndGlobalSection
	GlobalSection(SolutionProperties) = preSolution
		HideSolutionNode = FALSE
	EndGlobalSection
	GlobalSection(ExtensibilityGlobals) = postSolution
		SolutionGuid = {FEAF9E36-4B2E-4ED6-B51C-A3AC5BBF2362}
	EndGlobalSection
EndGlobal
